{
  "version": 4,
  "terraform_version": "1.7.1",
  "serial": 8,
  "lineage": "333dcad0-4775-ada3-40f2-461dca129bb1",
  "outputs": {
    "webapp_ips": {
      "value": "20.23.164.19,20.23.164.22,20.23.164.74,20.23.164.119,20.23.164.132,20.23.164.165,20.103.45.225,20.103.46.23,20.103.46.40,20.103.46.97,20.103.46.170,20.103.46.172,20.105.216.29",
      "type": "string"
    },
    "webapp_url": {
      "value": "homies-plan.azurewebsites.net",
      "type": "string"
    }
  },
  "resources": [
    {
      "mode": "managed",
      "type": "azurerm_app_service_source_control",
      "name": "repo",
      "provider": "provider[\"registry.terraform.io/hashicorp/azurerm\"]",
      "instances": [
        {
          "schema_version": 0,
          "attributes": {
            "app_id": "/subscriptions/85b5b9bf-fb7a-4e08-ad20-436421669240/resourceGroups/NaskoHomiesRG/providers/Microsoft.Web/sites/homies-plan",
            "branch": "master",
            "github_action_configuration": [],
            "id": "/subscriptions/85b5b9bf-fb7a-4e08-ad20-436421669240/resourceGroups/NaskoHomiesRG/providers/Microsoft.Web/sites/homies-plan",
            "repo_url": "https://github.com/AStoychev/azure-via-terraform-deployment-homies",
            "rollback_enabled": false,
            "scm_type": "ExternalGit",
            "timeouts": null,
            "use_local_git": false,
            "use_manual_integration": true,
            "use_mercurial": false,
            "uses_github_action": false
          },
          "sensitive_attributes": [],
          "private": "eyJlMmJmYjczMC1lY2FhLTExZTYtOGY4OC0zNDM2M2JjN2M0YzAiOnsiY3JlYXRlIjoxODAwMDAwMDAwMDAwLCJkZWxldGUiOjE4MDAwMDAwMDAwMDAsInJlYWQiOjMwMDAwMDAwMDAwMH19",
          "dependencies": [
            "azurerm_linux_web_app.alwa",
            "azurerm_mssql_server.sqlserver",
            "azurerm_resource_group.rg",
            "azurerm_service_plan.asp"
          ]
        }
      ]
    },
    {
      "mode": "managed",
      "type": "azurerm_linux_web_app",
      "name": "alwa",
      "provider": "provider[\"registry.terraform.io/hashicorp/azurerm\"]",
      "instances": [
        {
          "schema_version": 0,
          "attributes": {
            "app_settings": null,
            "auth_settings": [
              {
                "active_directory": [],
                "additional_login_parameters": {},
                "allowed_external_redirect_urls": [],
                "default_provider": "",
                "enabled": false,
                "facebook": [],
                "github": [],
                "google": [],
                "issuer": "",
                "microsoft": [],
                "runtime_version": "",
                "token_refresh_extension_hours": 0,
                "token_store_enabled": false,
                "twitter": [],
                "unauthenticated_client_action": ""
              }
            ],
            "backup": [],
            "client_affinity_enabled": false,
            "client_certificate_enabled": false,
            "client_certificate_mode": "Required",
            "connection_string": [
              {
                "name": "DefaultConnection",
                "type": "SQLAzure",
                "value": "Data Source=tcp:homies-sql.database.windows.net,1433;Initial commit"
              }
            ],
            "custom_domain_verification_id": "DAEA50FD77A99EF290D89505B9A1E46A2C247E333A44E5A6924FFACB6A229B26",
            "default_hostname": "homies-plan.azurewebsites.net",
            "enabled": true,
            "https_only": false,
            "id": "/subscriptions/85b5b9bf-fb7a-4e08-ad20-436421669240/resourceGroups/NaskoHomiesRG/providers/Microsoft.Web/sites/homies-plan",
            "identity": [],
            "key_vault_reference_identity_id": "SystemAssigned",
            "kind": "app,linux",
            "location": "westeurope",
            "logs": [],
            "name": "homies-plan",
            "outbound_ip_address_list": [
              "20.23.164.19",
              "20.23.164.22",
              "20.23.164.74",
              "20.23.164.119",
              "20.23.164.132",
              "20.23.164.165",
              "20.103.45.225",
              "20.103.46.23",
              "20.103.46.40",
              "20.103.46.97",
              "20.103.46.170",
              "20.103.46.172",
              "20.105.216.29"
            ],
            "outbound_ip_addresses": "20.23.164.19,20.23.164.22,20.23.164.74,20.23.164.119,20.23.164.132,20.23.164.165,20.103.45.225,20.103.46.23,20.103.46.40,20.103.46.97,20.103.46.170,20.103.46.172,20.105.216.29",
            "possible_outbound_ip_address_list": [
              "20.23.164.19",
              "20.23.164.22",
              "20.23.164.74",
              "20.23.164.119",
              "20.23.164.132",
              "20.23.164.165",
              "20.103.45.225",
              "20.103.46.23",
              "20.103.46.40",
              "20.103.46.97",
              "20.103.46.170",
              "20.103.46.172",
              "20.103.46.188",
              "20.103.46.202",
              "20.103.46.214",
              "20.103.46.219",
              "20.103.46.234",
              "20.103.46.252",
              "20.103.47.2",
              "20.103.47.35",
              "20.103.47.71",
              "20.103.47.117",
              "20.103.47.132",
              "20.103.47.134",
              "20.23.164.19",
              "20.23.164.22",
              "20.23.164.74",
              "20.23.164.119",
              "20.23.164.132",
              "20.23.164.165",
              "20.82.66.31",
              "20.103.47.136",
              "20.103.47.151",
              "20.4.176.33",
              "20.4.176.106",
              "20.4.176.151",
              "20.105.216.29"
            ],
            "possible_outbound_ip_addresses": "20.23.164.19,20.23.164.22,20.23.164.74,20.23.164.119,20.23.164.132,20.23.164.165,20.103.45.225,20.103.46.23,20.103.46.40,20.103.46.97,20.103.46.170,20.103.46.172,20.103.46.188,20.103.46.202,20.103.46.214,20.103.46.219,20.103.46.234,20.103.46.252,20.103.47.2,20.103.47.35,20.103.47.71,20.103.47.117,20.103.47.132,20.103.47.134,20.23.164.19,20.23.164.22,20.23.164.74,20.23.164.119,20.23.164.132,20.23.164.165,20.82.66.31,20.103.47.136,20.103.47.151,20.4.176.33,20.4.176.106,20.4.176.151,20.105.216.29",
            "resource_group_name": "NaskoHomiesRG",
            "service_plan_id": "/subscriptions/85b5b9bf-fb7a-4e08-ad20-436421669240/resourceGroups/NaskoHomiesRG/providers/Microsoft.Web/serverfarms/homies-plan",
            "site_config": [
              {
                "always_on": false,
                "api_definition_url": "",
                "api_management_api_id": "",
                "app_command_line": "",
                "application_stack": [
                  {
                    "docker_image": "",
                    "docker_image_tag": "",
                    "dotnet_version": "6.0",
                    "java_server": "",
                    "java_server_version": "",
                    "java_version": "",
                    "node_version": "",
                    "php_version": "",
                    "python_version": "",
                    "ruby_version": ""
                  }
                ],
                "auto_heal_enabled": false,
                "auto_heal_setting": [],
                "container_registry_managed_identity_client_id": "",
                "container_registry_use_managed_identity": false,
                "cors": [],
                "default_documents": [
                  "Default.htm",
                  "Default.html",
                  "Default.asp",
                  "index.htm",
                  "index.html",
                  "iisstart.htm",
                  "default.aspx",
                  "index.php",
                  "hostingstart.html"
                ],
                "detailed_error_logging_enabled": false,
                "ftps_state": "Disabled",
                "health_check_eviction_time_in_min": 0,
                "health_check_path": "",
                "http2_enabled": false,
                "ip_restriction": [],
                "linux_fx_version": "DOTNETCORE|6.0",
                "load_balancing_mode": "LeastRequests",
                "local_mysql_enabled": false,
                "managed_pipeline_mode": "Integrated",
                "minimum_tls_version": "1.2",
                "remote_debugging_enabled": false,
                "remote_debugging_version": "VS2019",
                "scm_ip_restriction": [],
                "scm_minimum_tls_version": "1.2",
                "scm_type": "None",
                "scm_use_main_ip_restriction": false,
                "use_32_bit_worker": true,
                "vnet_route_all_enabled": false,
                "websockets_enabled": false,
                "worker_count": 1
              }
            ],
            "site_credential": [
              {
                "name": "$homies-plan",
                "password": "sNzRnWMLeQY6FhHHmpTCpH4i4Y5sXoyTAnPvaqwLhCeeGNXvSXSQhLaqtz7s"
              }
            ],
            "storage_account": [],
            "tags": null,
            "timeouts": null
          },
          "sensitive_attributes": [],
          "private": "eyJlMmJmYjczMC1lY2FhLTExZTYtOGY4OC0zNDM2M2JjN2M0YzAiOnsiY3JlYXRlIjoxODAwMDAwMDAwMDAwLCJkZWxldGUiOjE4MDAwMDAwMDAwMDAsInJlYWQiOjMwMDAwMDAwMDAwMCwidXBkYXRlIjoxODAwMDAwMDAwMDAwfX0=",
          "dependencies": [
            "azurerm_mssql_server.sqlserver",
            "azurerm_resource_group.rg",
            "azurerm_service_plan.asp"
          ]
        }
      ]
    },
    {
      "mode": "managed",
      "type": "azurerm_mssql_database",
      "name": "database",
      "provider": "provider[\"registry.terraform.io/hashicorp/azurerm\"]",
      "instances": [
        {
          "schema_version": 1,
          "attributes": {
            "auto_pause_delay_in_minutes": 0,
            "collation": "SQL_Latin1_General_CP1_CI_AS",
            "create_mode": "Default",
            "creation_source_database_id": null,
            "elastic_pool_id": "",
            "geo_backup_enabled": true,
            "id": "/subscriptions/85b5b9bf-fb7a-4e08-ad20-436421669240/resourceGroups/NaskoHomiesRG/providers/Microsoft.Sql/servers/homies-sql/databases/Homies",
            "license_type": "",
            "long_term_retention_policy": [
              {
                "monthly_retention": "PT0S",
                "week_of_year": 0,
                "weekly_retention": "PT0S",
                "yearly_retention": "PT0S"
              }
            ],
            "max_size_gb": 2,
            "min_capacity": 0,
            "name": "Homies",
            "read_replica_count": 0,
            "read_scale": false,
            "recover_database_id": null,
            "restore_dropped_database_id": null,
            "restore_point_in_time": null,
            "sample_name": null,
            "server_id": "/subscriptions/85b5b9bf-fb7a-4e08-ad20-436421669240/resourceGroups/NaskoHomiesRG/providers/Microsoft.Sql/servers/homies-sql",
            "short_term_retention_policy": [
              {
                "retention_days": 7
              }
            ],
            "sku_name": "S0",
            "storage_account_type": "Geo",
            "tags": null,
            "threat_detection_policy": [
              {
                "disabled_alerts": [],
                "email_account_admins": "Disabled",
                "email_addresses": [],
                "retention_days": 0,
                "state": "Disabled",
                "storage_account_access_key": "",
                "storage_endpoint": ""
              }
            ],
            "timeouts": null,
            "transparent_data_encryption_enabled": true,
            "zone_redundant": false
          },
          "sensitive_attributes": [],
          "private": "eyJlMmJmYjczMC1lY2FhLTExZTYtOGY4OC0zNDM2M2JjN2M0YzAiOnsiY3JlYXRlIjozNjAwMDAwMDAwMDAwLCJkZWxldGUiOjM2MDAwMDAwMDAwMDAsInJlYWQiOjMwMDAwMDAwMDAwMCwidXBkYXRlIjozNjAwMDAwMDAwMDAwfSwic2NoZW1hX3ZlcnNpb24iOiIxIn0=",
          "dependencies": [
            "azurerm_mssql_server.sqlserver",
            "azurerm_resource_group.rg"
          ]
        }
      ]
    },
    {
      "mode": "managed",
      "type": "azurerm_mssql_firewall_rule",
      "name": "firewall",
      "provider": "provider[\"registry.terraform.io/hashicorp/azurerm\"]",
      "instances": [
        {
          "schema_version": 0,
          "attributes": {
            "end_ip_address": "0.0.0.0",
            "id": "/subscriptions/85b5b9bf-fb7a-4e08-ad20-436421669240/resourceGroups/NaskoHomiesRG/providers/Microsoft.Sql/servers/homies-sql/firewallRules/HomiesFirewallRule",
            "name": "HomiesFirewallRule",
            "server_id": "/subscriptions/85b5b9bf-fb7a-4e08-ad20-436421669240/resourceGroups/NaskoHomiesRG/providers/Microsoft.Sql/servers/homies-sql",
            "start_ip_address": "0.0.0.0",
            "timeouts": null
          },
          "sensitive_attributes": [],
          "private": "eyJlMmJmYjczMC1lY2FhLTExZTYtOGY4OC0zNDM2M2JjN2M0YzAiOnsiY3JlYXRlIjoxODAwMDAwMDAwMDAwLCJkZWxldGUiOjE4MDAwMDAwMDAwMDAsInJlYWQiOjMwMDAwMDAwMDAwMCwidXBkYXRlIjoxODAwMDAwMDAwMDAwfX0=",
          "dependencies": [
            "azurerm_mssql_server.sqlserver",
            "azurerm_resource_group.rg"
          ]
        }
      ]
    },
    {
      "mode": "managed",
      "type": "azurerm_mssql_server",
      "name": "sqlserver",
      "provider": "provider[\"registry.terraform.io/hashicorp/azurerm\"]",
      "instances": [
        {
          "schema_version": 0,
          "attributes": {
            "administrator_login": "missadministrator",
            "administrator_login_password": "myStrongPassword12#",
            "azuread_administrator": [],
            "connection_policy": "Default",
            "fully_qualified_domain_name": "homies-sql.database.windows.net",
            "id": "/subscriptions/85b5b9bf-fb7a-4e08-ad20-436421669240/resourceGroups/NaskoHomiesRG/providers/Microsoft.Sql/servers/homies-sql",
            "identity": [],
            "location": "westeurope",
            "minimum_tls_version": "1.2",
            "name": "homies-sql",
            "outbound_network_restriction_enabled": false,
            "primary_user_assigned_identity_id": "",
            "public_network_access_enabled": true,
            "resource_group_name": "NaskoHomiesRG",
            "restorable_dropped_database_ids": [],
            "tags": null,
            "timeouts": null,
            "version": "12.0"
          },
          "sensitive_attributes": [],
          "private": "eyJlMmJmYjczMC1lY2FhLTExZTYtOGY4OC0zNDM2M2JjN2M0YzAiOnsiY3JlYXRlIjozNjAwMDAwMDAwMDAwLCJkZWxldGUiOjM2MDAwMDAwMDAwMDAsInJlYWQiOjMwMDAwMDAwMDAwMCwidXBkYXRlIjozNjAwMDAwMDAwMDAwfX0=",
          "dependencies": [
            "azurerm_resource_group.rg"
          ]
        }
      ]
    },
    {
      "mode": "managed",
      "type": "azurerm_resource_group",
      "name": "rg",
      "provider": "provider[\"registry.terraform.io/hashicorp/azurerm\"]",
      "instances": [
        {
          "schema_version": 0,
          "attributes": {
            "id": "/subscriptions/85b5b9bf-fb7a-4e08-ad20-436421669240/resourceGroups/NaskoHomiesRG",
            "location": "westeurope",
            "name": "NaskoHomiesRG",
            "tags": null,
            "timeouts": null
          },
          "sensitive_attributes": [],
          "private": "eyJlMmJmYjczMC1lY2FhLTExZTYtOGY4OC0zNDM2M2JjN2M0YzAiOnsiY3JlYXRlIjo1NDAwMDAwMDAwMDAwLCJkZWxldGUiOjU0MDAwMDAwMDAwMDAsInJlYWQiOjMwMDAwMDAwMDAwMCwidXBkYXRlIjo1NDAwMDAwMDAwMDAwfX0="
        }
      ]
    },
    {
      "mode": "managed",
      "type": "azurerm_service_plan",
      "name": "asp",
      "provider": "provider[\"registry.terraform.io/hashicorp/azurerm\"]",
      "instances": [
        {
          "schema_version": 0,
          "attributes": {
            "app_service_environment_id": "",
            "id": "/subscriptions/85b5b9bf-fb7a-4e08-ad20-436421669240/resourceGroups/NaskoHomiesRG/providers/Microsoft.Web/serverfarms/homies-plan",
            "kind": "linux",
            "location": "westeurope",
            "maximum_elastic_worker_count": 1,
            "name": "homies-plan",
            "os_type": "Linux",
            "per_site_scaling_enabled": false,
            "reserved": true,
            "resource_group_name": "NaskoHomiesRG",
            "sku_name": "F1",
            "tags": null,
            "timeouts": null,
            "worker_count": 1
          },
          "sensitive_attributes": [],
          "private": "eyJlMmJmYjczMC1lY2FhLTExZTYtOGY4OC0zNDM2M2JjN2M0YzAiOnsiY3JlYXRlIjozNjAwMDAwMDAwMDAwLCJkZWxldGUiOjM2MDAwMDAwMDAwMDAsInJlYWQiOjMwMDAwMDAwMDAwMCwidXBkYXRlIjozNjAwMDAwMDAwMDAwfX0=",
          "dependencies": [
            "azurerm_resource_group.rg"
          ]
        }
      ]
    }
  ],
  "check_results": null
}
